
Microsoft Visual Studio Solution File, Format Version 12.00
# Visual Studio Version 17
VisualStudioVersion = 17.8.34511.84
MinimumVisualStudioVersion = 10.0.40219.1
Project("{FAE04EC0-301F-11D3-BF4B-00C04F79EFBC}") = "backend", "backend.csproj", "{87A69F2A-01E5-4A09-BF6B-9FBAA541A32E}"
EndProject
Global
	GlobalSection(SolutionConfigurationPlatforms) = preSolution
		Debug|Any CPU = Debug|Any CPU
		Release|Any CPU = Release|Any CPU
	EndGlobalSection
	GlobalSection(ProjectConfigurationPlatforms) = postSolution
		{87A69F2A-01E5-4A09-BF6B-9FBAA541A32E}.Debug|Any CPU.ActiveCfg = Debug|Any CPU
		{87A69F2A-01E5-4A09-BF6B-9FBAA541A32E}.Debug|Any CPU.Build.0 = Debug|Any CPU
		{87A69F2A-01E5-4A09-BF6B-9FBAA541A32E}.Release|Any CPU.ActiveCfg = Release|Any CPU
		{87A69F2A-01E5-4A09-BF6B-9FBAA541A32E}.Release|Any CPU.Build.0 = Release|Any CPU
	EndGlobalSection
	GlobalSection(SolutionProperties) = preSolution
		HideSolutionNode = FALSE
	EndGlobalSection
	GlobalSection(ExtensibilityGlobals) = postSolution
		SolutionGuid = {201ED580-8E45-4949-8172-938FFFF05B3F}
	EndGlobalSection
EndGlobal
